
Microsoft Visual Studio Solution File, Format Version 12.00
# Visual Studio 15
VisualStudioVersion = 15.0.28307.645
MinimumVisualStudioVersion = 10.0.40219.1
Project("{FAE04EC0-301F-11D3-BF4B-00C04F79EFBC}") = "WebApi_Overtime", "WebApi_Overtime\WebApi_Overtime.csproj", "{C1166006-F5BA-4ED9-8DB5-E5285354AC9E}"
EndProject
Global
	GlobalSection(SolutionConfigurationPlatforms) = preSolution
		Debug|Any CPU = Debug|Any CPU
		Release|Any CPU = Release|Any CPU
	EndGlobalSection
	GlobalSection(ProjectConfigurationPlatforms) = postSolution
		{C1166006-F5BA-4ED9-8DB5-E5285354AC9E}.Debug|Any CPU.ActiveCfg = Debug|Any CPU
		{C1166006-F5BA-4ED9-8DB5-E5285354AC9E}.Debug|Any CPU.Build.0 = Debug|Any CPU
		{C1166006-F5BA-4ED9-8DB5-E5285354AC9E}.Release|Any CPU.ActiveCfg = Release|Any CPU
		{C1166006-F5BA-4ED9-8DB5-E5285354AC9E}.Release|Any CPU.Build.0 = Release|Any CPU
	EndGlobalSection
	GlobalSection(SolutionProperties) = preSolution
		HideSolutionNode = FALSE
	EndGlobalSection
	GlobalSection(ExtensibilityGlobals) = postSolution
		SolutionGuid = {54EF19DA-04A4-4652-A4D3-FD322DDEE8B8}
	EndGlobalSection
EndGlobal
